
Microsoft Visual Studio Solution File, Format Version 12.00
# Visual Studio 2012
VisualStudioVersion = 12.0.30324.0
MinimumVisualStudioVersion = 10.0.40219.1
Project("{FAE04EC0-301F-11D3-BF4B-00C04F79EFBC}") = "Uno.Native", "Uno.Native\Uno.Native.csproj", "{26C4054D-2214-4863-BAE8-EF1F38DCBE46}"
EndProject
Project("{FAE04EC0-301F-11D3-BF4B-00C04F79EFBC}") = "Uno.Native.Tests", "Uno.Native.Tests\Uno.Native.Tests.csproj", "{95089AFF-5698-4AE9-965E-C96B390A5E6A}"
EndProject
Global
	GlobalSection(SolutionConfigurationPlatforms) = preSolution
		Debug|Any CPU = Debug|Any CPU
		Release|Any CPU = Release|Any CPU
	EndGlobalSection
	GlobalSection(ProjectConfigurationPlatforms) = postSolution
		{26C4054D-2214-4863-BAE8-EF1F38DCBE46}.Debug|Any CPU.ActiveCfg = Debug|Any CPU
		{26C4054D-2214-4863-BAE8-EF1F38DCBE46}.Debug|Any CPU.Build.0 = Debug|Any CPU
		{26C4054D-2214-4863-BAE8-EF1F38DCBE46}.Release|Any CPU.ActiveCfg = Release|Any CPU
		{26C4054D-2214-4863-BAE8-EF1F38DCBE46}.Release|Any CPU.Build.0 = Release|Any CPU
		{95089AFF-5698-4AE9-965E-C96B390A5E6A}.Debug|Any CPU.ActiveCfg = Debug|Any CPU
		{95089AFF-5698-4AE9-965E-C96B390A5E6A}.Debug|Any CPU.Build.0 = Debug|Any CPU
		{95089AFF-5698-4AE9-965E-C96B390A5E6A}.Release|Any CPU.ActiveCfg = Release|Any CPU
		{95089AFF-5698-4AE9-965E-C96B390A5E6A}.Release|Any CPU.Build.0 = Release|Any CPU
	EndGlobalSection
	GlobalSection(SolutionProperties) = preSolution
		HideSolutionNode = FALSE
	EndGlobalSection
EndGlobal
